
Microsoft Visual Studio Solution File, Format Version 12.00
# Visual Studio 15
VisualStudioVersion = 15.0.27703.2026
MinimumVisualStudioVersion = 10.0.40219.1
Project("{FAE04EC0-301F-11D3-BF4B-00C04F79EFBC}") = "TratoEspecial.Android", "TratoEspecial\TratoEspecial.Android\TratoEspecial.Android.csproj", "{4D27D4B9-53A0-4F63-8228-CCA186C4A2CD}"
EndProject
Project("{FAE04EC0-301F-11D3-BF4B-00C04F79EFBC}") = "TratoEspecial.iOS", "TratoEspecial\TratoEspecial.iOS\TratoEspecial.iOS.csproj", "{3A9C3B8D-FD7C-4F31-872C-17590EF68A6E}"
EndProject
Project("{FAE04EC0-301F-11D3-BF4B-00C04F79EFBC}") = "TratoEspecial", "TratoEspecial\TratoEspecial\TratoEspecial.csproj", "{8E66BF45-C089-4F2E-A535-CF77956EC3FA}"
EndProject
Global
	GlobalSection(SolutionConfigurationPlatforms) = preSolution
		Debug|Any CPU = Debug|Any CPU
		Debug|iPhone = Debug|iPhone
		Debug|iPhoneSimulator = Debug|iPhoneSimulator
		Release|Any CPU = Release|Any CPU
		Release|iPhone = Release|iPhone
		Release|iPhoneSimulator = Release|iPhoneSimulator
	EndGlobalSection
	GlobalSection(ProjectConfigurationPlatforms) = postSolution
		{4D27D4B9-53A0-4F63-8228-CCA186C4A2CD}.Debug|Any CPU.ActiveCfg = Debug|Any CPU
		{4D27D4B9-53A0-4F63-8228-CCA186C4A2CD}.Debug|Any CPU.Build.0 = Debug|Any CPU
		{4D27D4B9-53A0-4F63-8228-CCA186C4A2CD}.Debug|Any CPU.Deploy.0 = Debug|Any CPU
		{4D27D4B9-53A0-4F63-8228-CCA186C4A2CD}.Debug|iPhone.ActiveCfg = Debug|Any CPU
		{4D27D4B9-53A0-4F63-8228-CCA186C4A2CD}.Debug|iPhone.Build.0 = Debug|Any CPU
		{4D27D4B9-53A0-4F63-8228-CCA186C4A2CD}.Debug|iPhone.Deploy.0 = Debug|Any CPU
		{4D27D4B9-53A0-4F63-8228-CCA186C4A2CD}.Debug|iPhoneSimulator.ActiveCfg = Debug|Any CPU
		{4D27D4B9-53A0-4F63-8228-CCA186C4A2CD}.Debug|iPhoneSimulator.Build.0 = Debug|Any CPU
		{4D27D4B9-53A0-4F63-8228-CCA186C4A2CD}.Debug|iPhoneSimulator.Deploy.0 = Debug|Any CPU
		{4D27D4B9-53A0-4F63-8228-CCA186C4A2CD}.Release|Any CPU.ActiveCfg = Release|Any CPU
		{4D27D4B9-53A0-4F63-8228-CCA186C4A2CD}.Release|Any CPU.Build.0 = Release|Any CPU
		{4D27D4B9-53A0-4F63-8228-CCA186C4A2CD}.Release|Any CPU.Deploy.0 = Release|Any CPU
		{4D27D4B9-53A0-4F63-8228-CCA186C4A2CD}.Release|iPhone.ActiveCfg = Release|Any CPU
		{4D27D4B9-53A0-4F63-8228-CCA186C4A2CD}.Release|iPhone.Build.0 = Release|Any CPU
		{4D27D4B9-53A0-4F63-8228-CCA186C4A2CD}.Release|iPhone.Deploy.0 = Release|Any CPU
		{4D27D4B9-53A0-4F63-8228-CCA186C4A2CD}.Release|iPhoneSimulator.ActiveCfg = Release|Any CPU
		{4D27D4B9-53A0-4F63-8228-CCA186C4A2CD}.Release|iPhoneSimulator.Build.0 = Release|Any CPU
		{4D27D4B9-53A0-4F63-8228-CCA186C4A2CD}.Release|iPhoneSimulator.Deploy.0 = Release|Any CPU
		{3A9C3B8D-FD7C-4F31-872C-17590EF68A6E}.Debug|Any CPU.ActiveCfg = Debug|iPhoneSimulator
		{3A9C3B8D-FD7C-4F31-872C-17590EF68A6E}.Debug|Any CPU.Build.0 = Debug|iPhoneSimulator
		{3A9C3B8D-FD7C-4F31-872C-17590EF68A6E}.Debug|Any CPU.Deploy.0 = Debug|iPhoneSimulator
		{3A9C3B8D-FD7C-4F31-872C-17590EF68A6E}.Debug|iPhone.ActiveCfg = Debug|iPhone
		{3A9C3B8D-FD7C-4F31-872C-17590EF68A6E}.Debug|iPhone.Build.0 = Debug|iPhone
		{3A9C3B8D-FD7C-4F31-872C-17590EF68A6E}.Debug|iPhone.Deploy.0 = Debug|iPhone
		{3A9C3B8D-FD7C-4F31-872C-17590EF68A6E}.Debug|iPhoneSimulator.ActiveCfg = Debug|iPhoneSimulator
		{3A9C3B8D-FD7C-4F31-872C-17590EF68A6E}.Debug|iPhoneSimulator.Build.0 = Debug|iPhoneSimulator
		{3A9C3B8D-FD7C-4F31-872C-17590EF68A6E}.Debug|iPhoneSimulator.Deploy.0 = Debug|iPhoneSimulator
		{3A9C3B8D-FD7C-4F31-872C-17590EF68A6E}.Release|Any CPU.ActiveCfg = Release|iPhone
		{3A9C3B8D-FD7C-4F31-872C-17590EF68A6E}.Release|Any CPU.Build.0 = Release|iPhone
		{3A9C3B8D-FD7C-4F31-872C-17590EF68A6E}.Release|Any CPU.Deploy.0 = Release|iPhone
		{3A9C3B8D-FD7C-4F31-872C-17590EF68A6E}.Release|iPhone.ActiveCfg = Release|iPhone
		{3A9C3B8D-FD7C-4F31-872C-17590EF68A6E}.Release|iPhone.Build.0 = Release|iPhone
		{3A9C3B8D-FD7C-4F31-872C-17590EF68A6E}.Release|iPhone.Deploy.0 = Release|iPhone
		{3A9C3B8D-FD7C-4F31-872C-17590EF68A6E}.Release|iPhoneSimulator.ActiveCfg = Release|iPhoneSimulator
		{3A9C3B8D-FD7C-4F31-872C-17590EF68A6E}.Release|iPhoneSimulator.Build.0 = Release|iPhoneSimulator
		{3A9C3B8D-FD7C-4F31-872C-17590EF68A6E}.Release|iPhoneSimulator.Deploy.0 = Release|iPhoneSimulator
		{8E66BF45-C089-4F2E-A535-CF77956EC3FA}.Debug|Any CPU.ActiveCfg = Debug|Any CPU
		{8E66BF45-C089-4F2E-A535-CF77956EC3FA}.Debug|Any CPU.Build.0 = Debug|Any CPU
		{8E66BF45-C089-4F2E-A535-CF77956EC3FA}.Debug|Any CPU.Deploy.0 = Debug|Any CPU
		{8E66BF45-C089-4F2E-A535-CF77956EC3FA}.Debug|iPhone.ActiveCfg = Debug|Any CPU
		{8E66BF45-C089-4F2E-A535-CF77956EC3FA}.Debug|iPhone.Build.0 = Debug|Any CPU
		{8E66BF45-C089-4F2E-A535-CF77956EC3FA}.Debug|iPhone.Deploy.0 = Debug|Any CPU
		{8E66BF45-C089-4F2E-A535-CF77956EC3FA}.Debug|iPhoneSimulator.ActiveCfg = Debug|Any CPU
		{8E66BF45-C089-4F2E-A535-CF77956EC3FA}.Debug|iPhoneSimulator.Build.0 = Debug|Any CPU
		{8E66BF45-C089-4F2E-A535-CF77956EC3FA}.Debug|iPhoneSimulator.Deploy.0 = Debug|Any CPU
		{8E66BF45-C089-4F2E-A535-CF77956EC3FA}.Release|Any CPU.ActiveCfg = Release|Any CPU
		{8E66BF45-C089-4F2E-A535-CF77956EC3FA}.Release|Any CPU.Build.0 = Release|Any CPU
		{8E66BF45-C089-4F2E-A535-CF77956EC3FA}.Release|Any CPU.Deploy.0 = Release|Any CPU
		{8E66BF45-C089-4F2E-A535-CF77956EC3FA}.Release|iPhone.ActiveCfg = Release|Any CPU
		{8E66BF45-C089-4F2E-A535-CF77956EC3FA}.Release|iPhone.Build.0 = Release|Any CPU
		{8E66BF45-C089-4F2E-A535-CF77956EC3FA}.Release|iPhone.Deploy.0 = Release|Any CPU
		{8E66BF45-C089-4F2E-A535-CF77956EC3FA}.Release|iPhoneSimulator.ActiveCfg = Release|Any CPU
		{8E66BF45-C089-4F2E-A535-CF77956EC3FA}.Release|iPhoneSimulator.Build.0 = Release|Any CPU
		{8E66BF45-C089-4F2E-A535-CF77956EC3FA}.Release|iPhoneSimulator.Deploy.0 = Release|Any CPU
	EndGlobalSection
	GlobalSection(SolutionProperties) = preSolution
		HideSolutionNode = FALSE
	EndGlobalSection
	GlobalSection(ExtensibilityGlobals) = postSolution
		SolutionGuid = {7540E71A-2DE6-4630-93BD-57817BDED2D6}
	EndGlobalSection
EndGlobal
